
Microsoft Visual Studio Solution File, Format Version 12.00
# Visual Studio Version 17
VisualStudioVersion = 17.5.33530.505
MinimumVisualStudioVersion = 10.0.40219.1
Project("{9A19103F-16F7-4668-BE54-9A1E7A4F7556}") = "Lab5", "Lab5.csproj", "{3872E955-97F3-4B9E-9967-8557029CDBBB}"
EndProject
Global
	GlobalSection(SolutionConfigurationPlatforms) = preSolution
		Debug|Any CPU = Debug|Any CPU
		Release|Any CPU = Release|Any CPU
	EndGlobalSection
	GlobalSection(ProjectConfigurationPlatforms) = postSolution
		{3872E955-97F3-4B9E-9967-8557029CDBBB}.Debug|Any CPU.ActiveCfg = Debug|Any CPU
		{3872E955-97F3-4B9E-9967-8557029CDBBB}.Debug|Any CPU.Build.0 = Debug|Any CPU
		{3872E955-97F3-4B9E-9967-8557029CDBBB}.Release|Any CPU.ActiveCfg = Release|Any CPU
		{3872E955-97F3-4B9E-9967-8557029CDBBB}.Release|Any CPU.Build.0 = Release|Any CPU
	EndGlobalSection
	GlobalSection(SolutionProperties) = preSolution
		HideSolutionNode = FALSE
	EndGlobalSection
	GlobalSection(ExtensibilityGlobals) = postSolution
		SolutionGuid = {3D281511-679C-474C-BD91-216C8416CFEB}
	EndGlobalSection
EndGlobal
