
Microsoft Visual Studio Solution File, Format Version 12.00
# Visual Studio Version 17
VisualStudioVersion = 17.5.33530.505
MinimumVisualStudioVersion = 10.0.40219.1
Project("{9A19103F-16F7-4668-BE54-9A1E7A4F7556}") = "Lab2", "Lab2.csproj", "{46B88DAA-DA6D-40BE-BDA2-132E92778545}"
EndProject
Global
	GlobalSection(SolutionConfigurationPlatforms) = preSolution
		Debug|Any CPU = Debug|Any CPU
		Release|Any CPU = Release|Any CPU
	EndGlobalSection
	GlobalSection(ProjectConfigurationPlatforms) = postSolution
		{46B88DAA-DA6D-40BE-BDA2-132E92778545}.Debug|Any CPU.ActiveCfg = Debug|Any CPU
		{46B88DAA-DA6D-40BE-BDA2-132E92778545}.Debug|Any CPU.Build.0 = Debug|Any CPU
		{46B88DAA-DA6D-40BE-BDA2-132E92778545}.Release|Any CPU.ActiveCfg = Release|Any CPU
		{46B88DAA-DA6D-40BE-BDA2-132E92778545}.Release|Any CPU.Build.0 = Release|Any CPU
	EndGlobalSection
	GlobalSection(SolutionProperties) = preSolution
		HideSolutionNode = FALSE
	EndGlobalSection
	GlobalSection(ExtensibilityGlobals) = postSolution
		SolutionGuid = {5376E883-F574-44B6-8253-80EB6C45766A}
	EndGlobalSection
EndGlobal
