
Microsoft Visual Studio Solution File, Format Version 12.00
# Visual Studio Version 17
VisualStudioVersion = 17.5.33530.505
MinimumVisualStudioVersion = 10.0.40219.1
Project("{9A19103F-16F7-4668-BE54-9A1E7A4F7556}") = "Lab6", "Lab6.csproj", "{4BB6F783-0241-4F5F-9C5A-35194DA8B1DE}"
EndProject
Global
	GlobalSection(SolutionConfigurationPlatforms) = preSolution
		Debug|Any CPU = Debug|Any CPU
		Release|Any CPU = Release|Any CPU
	EndGlobalSection
	GlobalSection(ProjectConfigurationPlatforms) = postSolution
		{4BB6F783-0241-4F5F-9C5A-35194DA8B1DE}.Debug|Any CPU.ActiveCfg = Debug|Any CPU
		{4BB6F783-0241-4F5F-9C5A-35194DA8B1DE}.Debug|Any CPU.Build.0 = Debug|Any CPU
		{4BB6F783-0241-4F5F-9C5A-35194DA8B1DE}.Release|Any CPU.ActiveCfg = Release|Any CPU
		{4BB6F783-0241-4F5F-9C5A-35194DA8B1DE}.Release|Any CPU.Build.0 = Release|Any CPU
	EndGlobalSection
	GlobalSection(SolutionProperties) = preSolution
		HideSolutionNode = FALSE
	EndGlobalSection
	GlobalSection(ExtensibilityGlobals) = postSolution
		SolutionGuid = {87A2E61D-C733-4159-9F68-ACACD7669B1C}
	EndGlobalSection
EndGlobal
